
Microsoft Visual Studio Solution File, Format Version 12.00
# Visual Studio 2013
VisualStudioVersion = 12.0.31101.0
MinimumVisualStudioVersion = 10.0.40219.1
Project("{FAE04EC0-301F-11D3-BF4B-00C04F79EFBC}") = "ConsoleApplication1", "ConsoleApplication1\ConsoleApplication1.csproj", "{BDD25FAE-B750-4CB2-9F8F-7618DE2AA0C7}"
EndProject
Project("{FAE04EC0-301F-11D3-BF4B-00C04F79EFBC}") = "TFS2012.Access.ChangeSets", "TFS2012.Access.ChangeSets\TFS2012.Access.ChangeSets.csproj", "{1DA68E61-8C89-4A24-B778-5E4657E76C94}"
EndProject
Global
	GlobalSection(SolutionConfigurationPlatforms) = preSolution
		Debug|Any CPU = Debug|Any CPU
		Release|Any CPU = Release|Any CPU
	EndGlobalSection
	GlobalSection(ProjectConfigurationPlatforms) = postSolution
		{BDD25FAE-B750-4CB2-9F8F-7618DE2AA0C7}.Debug|Any CPU.ActiveCfg = Debug|Any CPU
		{BDD25FAE-B750-4CB2-9F8F-7618DE2AA0C7}.Debug|Any CPU.Build.0 = Debug|Any CPU
		{BDD25FAE-B750-4CB2-9F8F-7618DE2AA0C7}.Release|Any CPU.ActiveCfg = Release|Any CPU
		{BDD25FAE-B750-4CB2-9F8F-7618DE2AA0C7}.Release|Any CPU.Build.0 = Release|Any CPU
		{1DA68E61-8C89-4A24-B778-5E4657E76C94}.Debug|Any CPU.ActiveCfg = Debug|Any CPU
		{1DA68E61-8C89-4A24-B778-5E4657E76C94}.Debug|Any CPU.Build.0 = Debug|Any CPU
		{1DA68E61-8C89-4A24-B778-5E4657E76C94}.Release|Any CPU.ActiveCfg = Release|Any CPU
		{1DA68E61-8C89-4A24-B778-5E4657E76C94}.Release|Any CPU.Build.0 = Release|Any CPU
	EndGlobalSection
	GlobalSection(SolutionProperties) = preSolution
		HideSolutionNode = FALSE
	EndGlobalSection
EndGlobal
